<?xml version="1.0" encoding="utf-8"?>
<Project ToolsVersion="4.0" xmlns="http://schemas.microsoft.com/developer/msbuild/2003">
  <ItemGroup>
    <ClInclude Include="include\Function.h">
      <Filter>Interpreter</Filter>
    </ClInclude>
    <ClInclude Include="include\Bundle.h">
      <Filter>Data</Filter>
    </ClInclude>
    <ClInclude Include="include\CallStack.h">
      <Filter>Interpreter</Filter>
    </ClInclude>
    <ClInclude Include="include\DefaultDebugServer.h">
      <Filter>Interpreter</Filter>
    </ClInclude>
    <ClInclude Include="include\Frame.h">
      <Filter>Interpreter</Filter>
    </ClInclude>
    <ClInclude Include="include\FrameMemory.h">
      <Filter>Interpreter</Filter>
    </ClInclude>
    <ClInclude Include="include\FrameScheduler.h">
      <Filter>Interpreter</Filter>
    </ClInclude>
    <ClInclude Include="src\InstructionRegistry.h">
      <Filter>Interpreter</Filter>
    </ClInclude>
    <ClInclude Include="include\Interpreter.h">
      <Filter>Interpreter</Filter>
    </ClInclude>
    <ClInclude Include="include\InterpreterMemory.h">
      <Filter>Interpreter</Filter>
    </ClInclude>
    <ClInclude Include="include\InterpreterStandardOutput.h">
      <Filter>Interpreter</Filter>
    </ClInclude>
    <ClInclude Include="src\LiteralScriptParser.h">
      <Filter>Interpreter</Filter>
    </ClInclude>
    <ClInclude Include="include\Script.h">
      <Filter>Interpreter</Filter>
    </ClInclude>
    <ClInclude Include="include\ThreadMap.h">
      <Filter>Interpreter</Filter>
    </ClInclude>
    <ClInclude Include="include\DataStack.h">
      <Filter>Data</Filter>
    </ClInclude>
    <ClInclude Include="include\Value.h">
      <Filter>Data</Filter>
    </ClInclude>
    <ClInclude Include="include\VariantArray.h">
      <Filter>Data</Filter>
    </ClInclude>
  </ItemGroup>
  <ItemGroup>
    <ClCompile Include="src\InstructionRegistry.cpp">
      <Filter>Sources</Filter>
    </ClCompile>
    <ClCompile Include="src\Function.cpp">
      <Filter>Sources</Filter>
    </ClCompile>
    <ClCompile Include="src\FrameScheduler.cpp">
      <Filter>Sources</Filter>
    </ClCompile>
    <ClCompile Include="src\FrameMemory.cpp">
      <Filter>Sources</Filter>
    </ClCompile>
    <ClCompile Include="src\Frame.cpp">
      <Filter>Sources</Filter>
    </ClCompile>
    <ClCompile Include="src\DefaultDebugServer.cpp">
      <Filter>Sources</Filter>
    </ClCompile>
    <ClCompile Include="src\CallStack.cpp">
      <Filter>Sources</Filter>
    </ClCompile>
    <ClCompile Include="src\Bundle.cpp">
      <Filter>Sources</Filter>
    </ClCompile>
    <ClCompile Include="src\Interpreter.cpp">
      <Filter>Sources</Filter>
    </ClCompile>
    <ClCompile Include="src\InterpreterMemory.cpp">
      <Filter>Sources</Filter>
    </ClCompile>
    <ClCompile Include="src\VariantArray.cpp">
      <Filter>Sources</Filter>
    </ClCompile>
    <ClCompile Include="src\ThreadMap.cpp">
      <Filter>Sources</Filter>
    </ClCompile>
    <ClCompile Include="src\Script.cpp">
      <Filter>Sources</Filter>
    </ClCompile>
    <ClCompile Include="src\IScriptParser.cpp">
      <Filter>Sources</Filter>
    </ClCompile>
    <ClCompile Include="src\LiteralScriptParser.cpp">
      <Filter>Sources</Filter>
    </ClCompile>
    <ClCompile Include="src\InterpreterStandardOutput.cpp">
      <Filter>Sources</Filter>
    </ClCompile>
    <ClCompile Include="include\Value.cpp">
      <Filter>Sources</Filter>
    </ClCompile>
  </ItemGroup>
  <ItemGroup>
    <Filter Include="Interpreter">
      <UniqueIdentifier>{3e809fdd-b5a6-4a99-bd95-85614b08d625}</UniqueIdentifier>
    </Filter>
    <Filter Include="Data">
      <UniqueIdentifier>{3bc67486-fcb5-4c0e-b278-c2da3255c514}</UniqueIdentifier>
    </Filter>
    <Filter Include="Sources">
      <UniqueIdentifier>{093389ba-c945-48c1-8016-52f6cae5d75a}</UniqueIdentifier>
    </Filter>
  </ItemGroup>
</Project>